schema: '2.0'
stages:
  get_data:
    cmd: python scripts/data.py
    deps:
    - path: scripts/data.py
      hash: md5
      md5: 1323dc3b750b353621326d8b2488cdb5
      size: 1676
    params:
      params.yaml:
        index_col: id
    outs:
    - path: data/initial_data.csv
      hash: md5
      md5: cafae8bae854aa30d15aa619a76479aa
      size: 18773885
      cloud:
        my_storage:
          etag: cafae8bae854aa30d15aa619a76479aa
          version_id: 000630F5EC4BE2E6
  evaluate_and_fit_model:
    cmd: python scripts/fit.py
    deps:
    - path: data/initial_data.csv
      hash: md5
      md5: cafae8bae854aa30d15aa619a76479aa
      size: 18773885
    - path: scripts/fit.py
      hash: md5
      md5: 0034737ed2042bc9f6485def10501b18
      size: 3545
    params:
      params.yaml:
        depth: 4
        error_score: raise
        iterations: 1000
        learning_rate: 0.3
        metrics:
        - neg_mean_squared_error
        - neg_mean_absolute_error
        n_jobs: -1
        n_splits: 5
        verbose: 0
    outs:
    - path: cv_results/cv_res.json
      hash: md5
      md5: c5bb0ad7e84c369f37c4b29a3ceceadb
      size: 153
    - path: models/fitted_model.pkl
      hash: md5
      md5: fd25f4c52a6b5fbff2a7b3b3c16647ae
      size: 370591
